// !$*UTF8*$!
{
	archiveVersion = 1;
	classes = {
	};
	objectVersion = 56;
	objects = {

/* Begin PBXBuildFile section */
		58161E9328F43DF0001F8461 /* SellCheckBoxView.swift in Sources */ = {isa = PBXBuildFile; fileRef = 58161E9228F43DF0001F8461 /* SellCheckBoxView.swift */; };
		5826B99828F2A51000F60693 /* UIFont+Extension.swift in Sources */ = {isa = PBXBuildFile; fileRef = 5826B99728F2A51000F60693 /* UIFont+Extension.swift */; };
		5855709828F2AEDF002FB7C9 /* SellTextFieldView.swift in Sources */ = {isa = PBXBuildFile; fileRef = 5855709728F2AEDF002FB7C9 /* SellTextFieldView.swift */; };
		5855709C28F2FC88002FB7C9 /* SellSelectView.swift in Sources */ = {isa = PBXBuildFile; fileRef = 5855709B28F2FC88002FB7C9 /* SellSelectView.swift */; };
		58A30EE228F501140017C625 /* SellPhotoAddedBox.swift in Sources */ = {isa = PBXBuildFile; fileRef = 58A30EE128F501140017C625 /* SellPhotoAddedBox.swift */; };
		58A30EE428F5014A0017C625 /* SellPhotoTapAddBox.swift in Sources */ = {isa = PBXBuildFile; fileRef = 58A30EE328F5014A0017C625 /* SellPhotoTapAddBox.swift */; };
		A951645828F465D3002CD715 /* UITextView+Extension.swift in Sources */ = {isa = PBXBuildFile; fileRef = A951645728F465D3002CD715 /* UITextView+Extension.swift */; };
		7BBA02F128F451130006C0B2 /* CategoryViewController.swift in Sources */ = {isa = PBXBuildFile; fileRef = 7BBA02F028F451130006C0B2 /* CategoryViewController.swift */; };
		A9D7B9DE28F27B4D00ECEF58 /* ItemTappedViewController.swift in Sources */ = {isa = PBXBuildFile; fileRef = A9D7B9DD28F27B4D00ECEF58 /* ItemTappedViewController.swift */; };
		CB18F2D928F67D5400742C30 /* GoodInfoView.swift in Sources */ = {isa = PBXBuildFile; fileRef = CB18F2D828F67D5400742C30 /* GoodInfoView.swift */; };
		CB81DA5428F1B108005164FA /* Lottie in Frameworks */ = {isa = PBXBuildFile; productRef = CB81DA5328F1B108005164FA /* Lottie */; };
		CB81DA5728F1B15D005164FA /* MessageViewController.swift in Sources */ = {isa = PBXBuildFile; fileRef = CB81DA5628F1B15D005164FA /* MessageViewController.swift */; };
		CB81DA5A28F1B19E005164FA /* SellViewController.swift in Sources */ = {isa = PBXBuildFile; fileRef = CB81DA5928F1B19E005164FA /* SellViewController.swift */; };
		CBADEE2E28EEBCE00010B5AA /* AppDelegate.swift in Sources */ = {isa = PBXBuildFile; fileRef = CBADEE2D28EEBCE00010B5AA /* AppDelegate.swift */; };
		CBADEE3028EEBCE00010B5AA /* SceneDelegate.swift in Sources */ = {isa = PBXBuildFile; fileRef = CBADEE2F28EEBCE00010B5AA /* SceneDelegate.swift */; };
		CBADEE3228EEBCE00010B5AA /* MainViewController.swift in Sources */ = {isa = PBXBuildFile; fileRef = CBADEE3128EEBCE00010B5AA /* MainViewController.swift */; };
		CBADEE3728EEBCE00010B5AA /* Assets.xcassets in Resources */ = {isa = PBXBuildFile; fileRef = CBADEE3628EEBCE00010B5AA /* Assets.xcassets */; };
		CBADEE3A28EEBCE00010B5AA /* LaunchScreen.storyboard in Resources */ = {isa = PBXBuildFile; fileRef = CBADEE3828EEBCE00010B5AA /* LaunchScreen.storyboard */; };
		CBADEE4E28EEBF060010B5AA /* TabbarViewController.swift in Sources */ = {isa = PBXBuildFile; fileRef = CBADEE4D28EEBF060010B5AA /* TabbarViewController.swift */; };
		CBADEE5028EEBF620010B5AA /* Logger.swift in Sources */ = {isa = PBXBuildFile; fileRef = CBADEE4F28EEBF620010B5AA /* Logger.swift */; };
		CBADEE5328EEBF950010B5AA /* ImageLiteral.swift in Sources */ = {isa = PBXBuildFile; fileRef = CBADEE5228EEBF950010B5AA /* ImageLiteral.swift */; };
		CBADEE5528EEBFBB0010B5AA /* BaseViewController.swift in Sources */ = {isa = PBXBuildFile; fileRef = CBADEE5428EEBFBB0010B5AA /* BaseViewController.swift */; };
		CBADEE5928EEC05A0010B5AA /* BackButton.swift in Sources */ = {isa = PBXBuildFile; fileRef = CBADEE5828EEC05A0010B5AA /* BackButton.swift */; };
		CBADEE5B28EEC1CA0010B5AA /* UIViewController+Extension.swift in Sources */ = {isa = PBXBuildFile; fileRef = CBADEE5A28EEC1CA0010B5AA /* UIViewController+Extension.swift */; };
		CBADEE5D28EEC2090010B5AA /* UIColor+Extension.swift in Sources */ = {isa = PBXBuildFile; fileRef = CBADEE5C28EEC2090010B5AA /* UIColor+Extension.swift */; };
		CBADEE5F28EEC2490010B5AA /* UICollectionView+Extension.swift in Sources */ = {isa = PBXBuildFile; fileRef = CBADEE5E28EEC2490010B5AA /* UICollectionView+Extension.swift */; };
		CBADEE6128EEC25F0010B5AA /* NSObject+Extension.swift in Sources */ = {isa = PBXBuildFile; fileRef = CBADEE6028EEC25F0010B5AA /* NSObject+Extension.swift */; };
		CBADEE6328EEC26F0010B5AA /* UIView+Extension.swift in Sources */ = {isa = PBXBuildFile; fileRef = CBADEE6228EEC26E0010B5AA /* UIView+Extension.swift */; };
		CBADEE6528EEC28A0010B5AA /* UILabel+Extension.swift in Sources */ = {isa = PBXBuildFile; fileRef = CBADEE6428EEC28A0010B5AA /* UILabel+Extension.swift */; };
		CBADEE6728EEC2E00010B5AA /* Notification+Extension.swift in Sources */ = {isa = PBXBuildFile; fileRef = CBADEE6628EEC2E00010B5AA /* Notification+Extension.swift */; };
		CBADEE6928EEC3510010B5AA /* UITableView+Extension.swift in Sources */ = {isa = PBXBuildFile; fileRef = CBADEE6828EEC3510010B5AA /* UITableView+Extension.swift */; };
		CBADEE6B28EEC39B0010B5AA /* BaseCollectionViewCell.swift in Sources */ = {isa = PBXBuildFile; fileRef = CBADEE6A28EEC39B0010B5AA /* BaseCollectionViewCell.swift */; };
		CBADEE6D28EEC3AB0010B5AA /* BaseTableViewCell.swift in Sources */ = {isa = PBXBuildFile; fileRef = CBADEE6C28EEC3AB0010B5AA /* BaseTableViewCell.swift */; };
		CBADEE7028EEC65B0010B5AA /* SnapKit in Frameworks */ = {isa = PBXBuildFile; productRef = CBADEE6F28EEC65B0010B5AA /* SnapKit */; };
		CBADEE7328EEC6720010B5AA /* Then in Frameworks */ = {isa = PBXBuildFile; productRef = CBADEE7228EEC6720010B5AA /* Then */; };
		CBADEE7628EEC9B80010B5AA /* SearchViewController.swift in Sources */ = {isa = PBXBuildFile; fileRef = CBADEE7528EEC9B80010B5AA /* SearchViewController.swift */; };
		CBCBEF7D28F2E39B009F134F /* Channel.swift in Sources */ = {isa = PBXBuildFile; fileRef = CBCBEF7C28F2E39B009F134F /* Channel.swift */; };
		CBCBEF7F28F2E3A5009F134F /* Message.swift in Sources */ = {isa = PBXBuildFile; fileRef = CBCBEF7E28F2E3A5009F134F /* Message.swift */; };
		CBCBEF8128F2E3B2009F134F /* ImageMediaItem.swift in Sources */ = {isa = PBXBuildFile; fileRef = CBCBEF8028F2E3B2009F134F /* ImageMediaItem.swift */; };
		CBCBEF8328F2E3BE009F134F /* Mocks.swift in Sources */ = {isa = PBXBuildFile; fileRef = CBCBEF8228F2E3BE009F134F /* Mocks.swift */; };
		CBCBEF8828F2E40C009F134F /* MessageRoomViewController.swift in Sources */ = {isa = PBXBuildFile; fileRef = CBCBEF8728F2E40C009F134F /* MessageRoomViewController.swift */; };
		CBCBEF8A28F2E430009F134F /* MessageTableViewCell.swift in Sources */ = {isa = PBXBuildFile; fileRef = CBCBEF8928F2E430009F134F /* MessageTableViewCell.swift */; };
		CBCBEF8E28F2E4A2009F134F /* MessageKit in Frameworks */ = {isa = PBXBuildFile; productRef = CBCBEF8D28F2E4A2009F134F /* MessageKit */; };
		CBCBEF9028F2E570009F134F /* Sender.swift in Sources */ = {isa = PBXBuildFile; fileRef = CBCBEF8F28F2E570009F134F /* Sender.swift */; };
/* End PBXBuildFile section */

/* Begin PBXFileReference section */
		58161E9228F43DF0001F8461 /* SellCheckBoxView.swift */ = {isa = PBXFileReference; lastKnownFileType = sourcecode.swift; path = SellCheckBoxView.swift; sourceTree = "<group>"; };
		5826B99728F2A51000F60693 /* UIFont+Extension.swift */ = {isa = PBXFileReference; lastKnownFileType = sourcecode.swift; path = "UIFont+Extension.swift"; sourceTree = "<group>"; };
		5855709728F2AEDF002FB7C9 /* SellTextFieldView.swift */ = {isa = PBXFileReference; lastKnownFileType = sourcecode.swift; path = SellTextFieldView.swift; sourceTree = "<group>"; };
		5855709B28F2FC88002FB7C9 /* SellSelectView.swift */ = {isa = PBXFileReference; lastKnownFileType = sourcecode.swift; path = SellSelectView.swift; sourceTree = "<group>"; };
		58A30EE128F501140017C625 /* SellPhotoAddedBox.swift */ = {isa = PBXFileReference; lastKnownFileType = sourcecode.swift; path = SellPhotoAddedBox.swift; sourceTree = "<group>"; };
		58A30EE328F5014A0017C625 /* SellPhotoTapAddBox.swift */ = {isa = PBXFileReference; lastKnownFileType = sourcecode.swift; path = SellPhotoTapAddBox.swift; sourceTree = "<group>"; };
		A951645728F465D3002CD715 /* UITextView+Extension.swift */ = {isa = PBXFileReference; lastKnownFileType = sourcecode.swift; path = "UITextView+Extension.swift"; sourceTree = "<group>"; };
		7BBA02F028F451130006C0B2 /* CategoryViewController.swift */ = {isa = PBXFileReference; lastKnownFileType = sourcecode.swift; path = CategoryViewController.swift; sourceTree = "<group>"; };
		A9D7B9DD28F27B4D00ECEF58 /* ItemTappedViewController.swift */ = {isa = PBXFileReference; lastKnownFileType = sourcecode.swift; path = ItemTappedViewController.swift; sourceTree = "<group>"; };
		CB18F2D828F67D5400742C30 /* GoodInfoView.swift */ = {isa = PBXFileReference; lastKnownFileType = sourcecode.swift; path = GoodInfoView.swift; sourceTree = "<group>"; };
		CB81DA5628F1B15D005164FA /* MessageViewController.swift */ = {isa = PBXFileReference; lastKnownFileType = sourcecode.swift; path = MessageViewController.swift; sourceTree = "<group>"; };
		CB81DA5928F1B19E005164FA /* SellViewController.swift */ = {isa = PBXFileReference; lastKnownFileType = sourcecode.swift; path = SellViewController.swift; sourceTree = "<group>"; };
		CBADEE2A28EEBCE00010B5AA /* Vincent.app */ = {isa = PBXFileReference; explicitFileType = wrapper.application; includeInIndex = 0; path = Vincent.app; sourceTree = BUILT_PRODUCTS_DIR; };
		CBADEE2D28EEBCE00010B5AA /* AppDelegate.swift */ = {isa = PBXFileReference; lastKnownFileType = sourcecode.swift; path = AppDelegate.swift; sourceTree = "<group>"; };
		CBADEE2F28EEBCE00010B5AA /* SceneDelegate.swift */ = {isa = PBXFileReference; lastKnownFileType = sourcecode.swift; path = SceneDelegate.swift; sourceTree = "<group>"; };
		CBADEE3128EEBCE00010B5AA /* MainViewController.swift */ = {isa = PBXFileReference; lastKnownFileType = sourcecode.swift; path = MainViewController.swift; sourceTree = "<group>"; };
		CBADEE3628EEBCE00010B5AA /* Assets.xcassets */ = {isa = PBXFileReference; lastKnownFileType = folder.assetcatalog; path = Assets.xcassets; sourceTree = "<group>"; };
		CBADEE3928EEBCE00010B5AA /* Base */ = {isa = PBXFileReference; lastKnownFileType = file.storyboard; name = Base; path = Base.lproj/LaunchScreen.storyboard; sourceTree = "<group>"; };
		CBADEE3B28EEBCE00010B5AA /* Info.plist */ = {isa = PBXFileReference; lastKnownFileType = text.plist.xml; path = Info.plist; sourceTree = "<group>"; };
		CBADEE4D28EEBF060010B5AA /* TabbarViewController.swift */ = {isa = PBXFileReference; lastKnownFileType = sourcecode.swift; path = TabbarViewController.swift; sourceTree = "<group>"; };
		CBADEE4F28EEBF620010B5AA /* Logger.swift */ = {isa = PBXFileReference; lastKnownFileType = sourcecode.swift; path = Logger.swift; sourceTree = "<group>"; };
		CBADEE5228EEBF950010B5AA /* ImageLiteral.swift */ = {isa = PBXFileReference; lastKnownFileType = sourcecode.swift; path = ImageLiteral.swift; sourceTree = "<group>"; };
		CBADEE5428EEBFBB0010B5AA /* BaseViewController.swift */ = {isa = PBXFileReference; lastKnownFileType = sourcecode.swift; path = BaseViewController.swift; sourceTree = "<group>"; };
		CBADEE5828EEC05A0010B5AA /* BackButton.swift */ = {isa = PBXFileReference; lastKnownFileType = sourcecode.swift; path = BackButton.swift; sourceTree = "<group>"; };
		CBADEE5A28EEC1CA0010B5AA /* UIViewController+Extension.swift */ = {isa = PBXFileReference; lastKnownFileType = sourcecode.swift; path = "UIViewController+Extension.swift"; sourceTree = "<group>"; };
		CBADEE5C28EEC2090010B5AA /* UIColor+Extension.swift */ = {isa = PBXFileReference; lastKnownFileType = sourcecode.swift; path = "UIColor+Extension.swift"; sourceTree = "<group>"; };
		CBADEE5E28EEC2490010B5AA /* UICollectionView+Extension.swift */ = {isa = PBXFileReference; lastKnownFileType = sourcecode.swift; path = "UICollectionView+Extension.swift"; sourceTree = "<group>"; };
		CBADEE6028EEC25F0010B5AA /* NSObject+Extension.swift */ = {isa = PBXFileReference; lastKnownFileType = sourcecode.swift; path = "NSObject+Extension.swift"; sourceTree = "<group>"; };
		CBADEE6228EEC26E0010B5AA /* UIView+Extension.swift */ = {isa = PBXFileReference; lastKnownFileType = sourcecode.swift; path = "UIView+Extension.swift"; sourceTree = "<group>"; };
		CBADEE6428EEC28A0010B5AA /* UILabel+Extension.swift */ = {isa = PBXFileReference; lastKnownFileType = sourcecode.swift; path = "UILabel+Extension.swift"; sourceTree = "<group>"; };
		CBADEE6628EEC2E00010B5AA /* Notification+Extension.swift */ = {isa = PBXFileReference; lastKnownFileType = sourcecode.swift; path = "Notification+Extension.swift"; sourceTree = "<group>"; };
		CBADEE6828EEC3510010B5AA /* UITableView+Extension.swift */ = {isa = PBXFileReference; lastKnownFileType = sourcecode.swift; path = "UITableView+Extension.swift"; sourceTree = "<group>"; };
		CBADEE6A28EEC39B0010B5AA /* BaseCollectionViewCell.swift */ = {isa = PBXFileReference; lastKnownFileType = sourcecode.swift; path = BaseCollectionViewCell.swift; sourceTree = "<group>"; };
		CBADEE6C28EEC3AB0010B5AA /* BaseTableViewCell.swift */ = {isa = PBXFileReference; lastKnownFileType = sourcecode.swift; path = BaseTableViewCell.swift; sourceTree = "<group>"; };
		CBADEE7528EEC9B80010B5AA /* SearchViewController.swift */ = {isa = PBXFileReference; lastKnownFileType = sourcecode.swift; path = SearchViewController.swift; sourceTree = "<group>"; };
		CBCBEF7C28F2E39B009F134F /* Channel.swift */ = {isa = PBXFileReference; lastKnownFileType = sourcecode.swift; path = Channel.swift; sourceTree = "<group>"; };
		CBCBEF7E28F2E3A5009F134F /* Message.swift */ = {isa = PBXFileReference; lastKnownFileType = sourcecode.swift; path = Message.swift; sourceTree = "<group>"; };
		CBCBEF8028F2E3B2009F134F /* ImageMediaItem.swift */ = {isa = PBXFileReference; lastKnownFileType = sourcecode.swift; path = ImageMediaItem.swift; sourceTree = "<group>"; };
		CBCBEF8228F2E3BE009F134F /* Mocks.swift */ = {isa = PBXFileReference; lastKnownFileType = sourcecode.swift; path = Mocks.swift; sourceTree = "<group>"; };
		CBCBEF8728F2E40C009F134F /* MessageRoomViewController.swift */ = {isa = PBXFileReference; lastKnownFileType = sourcecode.swift; path = MessageRoomViewController.swift; sourceTree = "<group>"; };
		CBCBEF8928F2E430009F134F /* MessageTableViewCell.swift */ = {isa = PBXFileReference; lastKnownFileType = sourcecode.swift; path = MessageTableViewCell.swift; sourceTree = "<group>"; };
		CBCBEF8F28F2E570009F134F /* Sender.swift */ = {isa = PBXFileReference; lastKnownFileType = sourcecode.swift; path = Sender.swift; sourceTree = "<group>"; };
/* End PBXFileReference section */

/* Begin PBXFrameworksBuildPhase section */
		CBADEE2728EEBCE00010B5AA /* Frameworks */ = {
			isa = PBXFrameworksBuildPhase;
			buildActionMask = 2147483647;
			files = (
				CBADEE7028EEC65B0010B5AA /* SnapKit in Frameworks */,
				CBADEE7328EEC6720010B5AA /* Then in Frameworks */,
				CB81DA5428F1B108005164FA /* Lottie in Frameworks */,
				CBCBEF8E28F2E4A2009F134F /* MessageKit in Frameworks */,
			);
			runOnlyForDeploymentPostprocessing = 0;
		};
/* End PBXFrameworksBuildPhase section */

/* Begin PBXGroup section */
		7BBA02EF28F450F80006C0B2 /* Category */ = {
			isa = PBXGroup;
			children = (
				7BBA02F028F451130006C0B2 /* CategoryViewController.swift */,
			);
			path = Category;
			sourceTree = "<group>";
		};
		A98D112A28F3D789006122DC /* ItemTapped */ = {
			isa = PBXGroup;
			children = (
				A9D7B9DD28F27B4D00ECEF58 /* ItemTappedViewController.swift */,
			);
			path = ItemTapped;
			sourceTree = "<group>";
		};
		CB18F2D728F67D4600742C30 /* UIComponent */ = {
			isa = PBXGroup;
			children = (
				CB18F2D828F67D5400742C30 /* GoodInfoView.swift */,
			);
			path = UIComponent;
			sourceTree = "<group>";
		};
		CB81DA5528F1B143005164FA /* Message */ = {
			isa = PBXGroup;
			children = (
				CBCBEF8428F2E3DC009F134F /* Cell */,
				CB81DA5628F1B15D005164FA /* MessageViewController.swift */,
			);
			path = Message;
			sourceTree = "<group>";
		};
		CB81DA5828F1B17E005164FA /* Sell */ = {
			isa = PBXGroup;
			children = (
				CB81DA5928F1B19E005164FA /* SellViewController.swift */,
				5855709728F2AEDF002FB7C9 /* SellTextFieldView.swift */,
				5855709B28F2FC88002FB7C9 /* SellSelectView.swift */,
				58161E9228F43DF0001F8461 /* SellCheckBoxView.swift */,
				58A30EE328F5014A0017C625 /* SellPhotoTapAddBox.swift */,
				58A30EE128F501140017C625 /* SellPhotoAddedBox.swift */,
			);
			path = Sell;
			sourceTree = "<group>";
		};
		CBADEE2128EEBCE00010B5AA = {
			isa = PBXGroup;
			children = (
				CBADEE2C28EEBCE00010B5AA /* Vincent */,
				CBADEE2B28EEBCE00010B5AA /* Products */,
			);
			sourceTree = "<group>";
		};
		CBADEE2B28EEBCE00010B5AA /* Products */ = {
			isa = PBXGroup;
			children = (
				CBADEE2A28EEBCE00010B5AA /* Vincent.app */,
			);
			name = Products;
			sourceTree = "<group>";
		};
		CBADEE2C28EEBCE00010B5AA /* Vincent */ = {
			isa = PBXGroup;
			children = (
				CBB2953228F2E2F50094C67B /* Models */,
				CBADEE4228EEBD410010B5AA /* Global */,
				CBADEE4128EEBD3A0010B5AA /* Screens */,
			);
			path = Vincent;
			sourceTree = "<group>";
		};
		CBADEE4128EEBD3A0010B5AA /* Screens */ = {
			isa = PBXGroup;
			children = (
				7BBA02EF28F450F80006C0B2 /* Category */,
				A98D112A28F3D789006122DC /* ItemTapped */,
				CBADEE4A28EEBED10010B5AA /* Tapbar */,
				CB81DA5828F1B17E005164FA /* Sell */,
				CB81DA5528F1B143005164FA /* Message */,
				CBCBEF8528F2E3F6009F134F /* MessageRoom */,
				CBADEE4B28EEBEDE0010B5AA /* Main */,
				CBADEE7428EEC9850010B5AA /* Search */,
			);
			path = Screens;
			sourceTree = "<group>";
		};
		CBADEE4228EEBD410010B5AA /* Global */ = {
			isa = PBXGroup;
			children = (
				CBADEE5128EEBF880010B5AA /* Literal */,
				CBADEE4428EEBD5C0010B5AA /* Base */,
				CBADEE4528EEBD620010B5AA /* Protocol */,
				CBADEE4328EEBD520010B5AA /* Utils */,
				CBADEE4728EEBD750010B5AA /* Extensions */,
				CBADEE4928EEBD830010B5AA /* Resource */,
				CBADEE4828EEBD7D0010B5AA /* UIComponent */,
				CBADEE4628EEBD6C0010B5AA /* Supports */,
			);
			path = Global;
			sourceTree = "<group>";
		};
		CBADEE4328EEBD520010B5AA /* Utils */ = {
			isa = PBXGroup;
			children = (
				CBADEE4F28EEBF620010B5AA /* Logger.swift */,
			);
			path = Utils;
			sourceTree = "<group>";
		};
		CBADEE4428EEBD5C0010B5AA /* Base */ = {
			isa = PBXGroup;
			children = (
				CBADEE5428EEBFBB0010B5AA /* BaseViewController.swift */,
				CBADEE6A28EEC39B0010B5AA /* BaseCollectionViewCell.swift */,
				CBADEE6C28EEC3AB0010B5AA /* BaseTableViewCell.swift */,
			);
			path = Base;
			sourceTree = "<group>";
		};
		CBADEE4528EEBD620010B5AA /* Protocol */ = {
			isa = PBXGroup;
			children = (
			);
			path = Protocol;
			sourceTree = "<group>";
		};
		CBADEE4628EEBD6C0010B5AA /* Supports */ = {
			isa = PBXGroup;
			children = (
				CBADEE2D28EEBCE00010B5AA /* AppDelegate.swift */,
				CBADEE2F28EEBCE00010B5AA /* SceneDelegate.swift */,
				CBADEE3B28EEBCE00010B5AA /* Info.plist */,
			);
			path = Supports;
			sourceTree = "<group>";
		};
		CBADEE4728EEBD750010B5AA /* Extensions */ = {
			isa = PBXGroup;
			children = (
				CBADEE5C28EEC2090010B5AA /* UIColor+Extension.swift */,
				CBADEE5A28EEC1CA0010B5AA /* UIViewController+Extension.swift */,
				CBADEE6828EEC3510010B5AA /* UITableView+Extension.swift */,
				CBADEE5E28EEC2490010B5AA /* UICollectionView+Extension.swift */,
				CBADEE6028EEC25F0010B5AA /* NSObject+Extension.swift */,
				CBADEE6228EEC26E0010B5AA /* UIView+Extension.swift */,
				CBADEE6428EEC28A0010B5AA /* UILabel+Extension.swift */,
				CBADEE6628EEC2E00010B5AA /* Notification+Extension.swift */,
				5826B99728F2A51000F60693 /* UIFont+Extension.swift */,
				A951645728F465D3002CD715 /* UITextView+Extension.swift */,
			);
			path = Extensions;
			sourceTree = "<group>";
		};
		CBADEE4828EEBD7D0010B5AA /* UIComponent */ = {
			isa = PBXGroup;
			children = (
				CBADEE5828EEC05A0010B5AA /* BackButton.swift */,
			);
			path = UIComponent;
			sourceTree = "<group>";
		};
		CBADEE4928EEBD830010B5AA /* Resource */ = {
			isa = PBXGroup;
			children = (
				CBADEE3828EEBCE00010B5AA /* LaunchScreen.storyboard */,
				CBADEE3628EEBCE00010B5AA /* Assets.xcassets */,
			);
			path = Resource;
			sourceTree = "<group>";
		};
		CBADEE4A28EEBED10010B5AA /* Tapbar */ = {
			isa = PBXGroup;
			children = (
				CBADEE4D28EEBF060010B5AA /* TabbarViewController.swift */,
			);
			path = Tapbar;
			sourceTree = "<group>";
		};
		CBADEE4B28EEBEDE0010B5AA /* Main */ = {
			isa = PBXGroup;
			children = (
				CBADEE3128EEBCE00010B5AA /* MainViewController.swift */,
			);
			path = Main;
			sourceTree = "<group>";
		};
		CBADEE5128EEBF880010B5AA /* Literal */ = {
			isa = PBXGroup;
			children = (
				CBADEE5228EEBF950010B5AA /* ImageLiteral.swift */,
			);
			path = Literal;
			sourceTree = "<group>";
		};
		CBADEE7428EEC9850010B5AA /* Search */ = {
			isa = PBXGroup;
			children = (
				CBADEE7528EEC9B80010B5AA /* SearchViewController.swift */,
			);
			path = Search;
			sourceTree = "<group>";
		};
		CBB2953228F2E2F50094C67B /* Models */ = {
			isa = PBXGroup;
			children = (
				CBCBEF8B28F2E454009F134F /* Message */,
			);
			path = Models;
			sourceTree = "<group>";
		};
		CBCBEF8428F2E3DC009F134F /* Cell */ = {
			isa = PBXGroup;
			children = (
				CBCBEF8928F2E430009F134F /* MessageTableViewCell.swift */,
			);
			path = Cell;
			sourceTree = "<group>";
		};
		CBCBEF8528F2E3F6009F134F /* MessageRoom */ = {
			isa = PBXGroup;
			children = (
				CB18F2D728F67D4600742C30 /* UIComponent */,
				CBCBEF8728F2E40C009F134F /* MessageRoomViewController.swift */,
			);
			path = MessageRoom;
			sourceTree = "<group>";
		};
		CBCBEF8B28F2E454009F134F /* Message */ = {
			isa = PBXGroup;
			children = (
				CBCBEF7C28F2E39B009F134F /* Channel.swift */,
				CBCBEF7E28F2E3A5009F134F /* Message.swift */,
				CBCBEF8028F2E3B2009F134F /* ImageMediaItem.swift */,
				CBCBEF8F28F2E570009F134F /* Sender.swift */,
				CBCBEF8228F2E3BE009F134F /* Mocks.swift */,
			);
			path = Message;
			sourceTree = "<group>";
		};
/* End PBXGroup section */

/* Begin PBXNativeTarget section */
		CBADEE2928EEBCE00010B5AA /* Vincent */ = {
			isa = PBXNativeTarget;
			buildConfigurationList = CBADEE3E28EEBCE00010B5AA /* Build configuration list for PBXNativeTarget "Vincent" */;
			buildPhases = (
				CBADEE2628EEBCE00010B5AA /* Sources */,
				CBADEE2728EEBCE00010B5AA /* Frameworks */,
				CBADEE2828EEBCE00010B5AA /* Resources */,
			);
			buildRules = (
			);
			dependencies = (
			);
			name = Vincent;
			packageProductDependencies = (
				CBADEE6F28EEC65B0010B5AA /* SnapKit */,
				CBADEE7228EEC6720010B5AA /* Then */,
				CB81DA5328F1B108005164FA /* Lottie */,
				CBCBEF8D28F2E4A2009F134F /* MessageKit */,
			);
			productName = Vincent;
			productReference = CBADEE2A28EEBCE00010B5AA /* Vincent.app */;
			productType = "com.apple.product-type.application";
		};
/* End PBXNativeTarget section */

/* Begin PBXProject section */
		CBADEE2228EEBCE00010B5AA /* Project object */ = {
			isa = PBXProject;
			attributes = {
				BuildIndependentTargetsInParallel = 1;
				LastSwiftUpdateCheck = 1400;
				LastUpgradeCheck = 1400;
				TargetAttributes = {
					CBADEE2928EEBCE00010B5AA = {
						CreatedOnToolsVersion = 14.0;
					};
				};
			};
			buildConfigurationList = CBADEE2528EEBCE00010B5AA /* Build configuration list for PBXProject "Vincent" */;
			compatibilityVersion = "Xcode 14.0";
			developmentRegion = en;
			hasScannedForEncodings = 0;
			knownRegions = (
				en,
				Base,
			);
			mainGroup = CBADEE2128EEBCE00010B5AA;
			packageReferences = (
				CBADEE6E28EEC65B0010B5AA /* XCRemoteSwiftPackageReference "SnapKit" */,
				CBADEE7128EEC6720010B5AA /* XCRemoteSwiftPackageReference "Then" */,
				CB81DA5228F1B108005164FA /* XCRemoteSwiftPackageReference "lottie-ios" */,
				CBCBEF8C28F2E4A2009F134F /* XCRemoteSwiftPackageReference "MessageKit" */,
			);
			productRefGroup = CBADEE2B28EEBCE00010B5AA /* Products */;
			projectDirPath = "";
			projectRoot = "";
			targets = (
				CBADEE2928EEBCE00010B5AA /* Vincent */,
			);
		};
/* End PBXProject section */

/* Begin PBXResourcesBuildPhase section */
		CBADEE2828EEBCE00010B5AA /* Resources */ = {
			isa = PBXResourcesBuildPhase;
			buildActionMask = 2147483647;
			files = (
				CBADEE3A28EEBCE00010B5AA /* LaunchScreen.storyboard in Resources */,
				CBADEE3728EEBCE00010B5AA /* Assets.xcassets in Resources */,
			);
			runOnlyForDeploymentPostprocessing = 0;
		};
/* End PBXResourcesBuildPhase section */

/* Begin PBXSourcesBuildPhase section */
		CBADEE2628EEBCE00010B5AA /* Sources */ = {
			isa = PBXSourcesBuildPhase;
			buildActionMask = 2147483647;
			files = (
				CBADEE5F28EEC2490010B5AA /* UICollectionView+Extension.swift in Sources */,
				CBCBEF8128F2E3B2009F134F /* ImageMediaItem.swift in Sources */,
				CBADEE6528EEC28A0010B5AA /* UILabel+Extension.swift in Sources */,
				CBADEE6D28EEC3AB0010B5AA /* BaseTableViewCell.swift in Sources */,
				CBADEE5028EEBF620010B5AA /* Logger.swift in Sources */,
				5826B99828F2A51000F60693 /* UIFont+Extension.swift in Sources */,
				5855709828F2AEDF002FB7C9 /* SellTextFieldView.swift in Sources */,
				CBADEE7628EEC9B80010B5AA /* SearchViewController.swift in Sources */,
				58A30EE428F5014A0017C625 /* SellPhotoTapAddBox.swift in Sources */,
				CBADEE5328EEBF950010B5AA /* ImageLiteral.swift in Sources */,
				58A30EE228F501140017C625 /* SellPhotoAddedBox.swift in Sources */,
				CBADEE5D28EEC2090010B5AA /* UIColor+Extension.swift in Sources */,
				CBCBEF9028F2E570009F134F /* Sender.swift in Sources */,
				CBADEE6928EEC3510010B5AA /* UITableView+Extension.swift in Sources */,
				58161E9328F43DF0001F8461 /* SellCheckBoxView.swift in Sources */,
				7BBA02F128F451130006C0B2 /* CategoryViewController.swift in Sources */,
				CB18F2D928F67D5400742C30 /* GoodInfoView.swift in Sources */,
				CBADEE6728EEC2E00010B5AA /* Notification+Extension.swift in Sources */,
				A951645828F465D3002CD715 /* UITextView+Extension.swift in Sources */,
				CBADEE3228EEBCE00010B5AA /* MainViewController.swift in Sources */,
				CBCBEF8A28F2E430009F134F /* MessageTableViewCell.swift in Sources */,
				CBADEE4E28EEBF060010B5AA /* TabbarViewController.swift in Sources */,
				CBADEE6128EEC25F0010B5AA /* NSObject+Extension.swift in Sources */,
				CBADEE6B28EEC39B0010B5AA /* BaseCollectionViewCell.swift in Sources */,
				CBCBEF7D28F2E39B009F134F /* Channel.swift in Sources */,
				A9D7B9DE28F27B4D00ECEF58 /* ItemTappedViewController.swift in Sources */,
				CBADEE6328EEC26F0010B5AA /* UIView+Extension.swift in Sources */,
				CB81DA5A28F1B19E005164FA /* SellViewController.swift in Sources */,
				CB81DA5728F1B15D005164FA /* MessageViewController.swift in Sources */,
				5855709C28F2FC88002FB7C9 /* SellSelectView.swift in Sources */,
				CBCBEF7F28F2E3A5009F134F /* Message.swift in Sources */,
				CBCBEF8328F2E3BE009F134F /* Mocks.swift in Sources */,
				CBADEE5928EEC05A0010B5AA /* BackButton.swift in Sources */,
				CBADEE2E28EEBCE00010B5AA /* AppDelegate.swift in Sources */,
				CBCBEF8828F2E40C009F134F /* MessageRoomViewController.swift in Sources */,
				CBADEE5528EEBFBB0010B5AA /* BaseViewController.swift in Sources */,
				CBADEE5B28EEC1CA0010B5AA /* UIViewController+Extension.swift in Sources */,
				CBADEE3028EEBCE00010B5AA /* SceneDelegate.swift in Sources */,
			);
			runOnlyForDeploymentPostprocessing = 0;
		};
/* End PBXSourcesBuildPhase section */

/* Begin PBXVariantGroup section */
		CBADEE3828EEBCE00010B5AA /* LaunchScreen.storyboard */ = {
			isa = PBXVariantGroup;
			children = (
				CBADEE3928EEBCE00010B5AA /* Base */,
			);
			name = LaunchScreen.storyboard;
			sourceTree = "<group>";
		};
/* End PBXVariantGroup section */

/* Begin XCBuildConfiguration section */
		CBADEE3C28EEBCE00010B5AA /* Debug */ = {
			isa = XCBuildConfiguration;
			buildSettings = {
				ALWAYS_SEARCH_USER_PATHS = NO;
				CLANG_ANALYZER_NONNULL = YES;
				CLANG_ANALYZER_NUMBER_OBJECT_CONVERSION = YES_AGGRESSIVE;
				CLANG_CXX_LANGUAGE_STANDARD = "gnu++20";
				CLANG_ENABLE_MODULES = YES;
				CLANG_ENABLE_OBJC_ARC = YES;
				CLANG_ENABLE_OBJC_WEAK = YES;
				CLANG_WARN_BLOCK_CAPTURE_AUTORELEASING = YES;
				CLANG_WARN_BOOL_CONVERSION = YES;
				CLANG_WARN_COMMA = YES;
				CLANG_WARN_CONSTANT_CONVERSION = YES;
				CLANG_WARN_DEPRECATED_OBJC_IMPLEMENTATIONS = YES;
				CLANG_WARN_DIRECT_OBJC_ISA_USAGE = YES_ERROR;
				CLANG_WARN_DOCUMENTATION_COMMENTS = YES;
				CLANG_WARN_EMPTY_BODY = YES;
				CLANG_WARN_ENUM_CONVERSION = YES;
				CLANG_WARN_INFINITE_RECURSION = YES;
				CLANG_WARN_INT_CONVERSION = YES;
				CLANG_WARN_NON_LITERAL_NULL_CONVERSION = YES;
				CLANG_WARN_OBJC_IMPLICIT_RETAIN_SELF = YES;
				CLANG_WARN_OBJC_LITERAL_CONVERSION = YES;
				CLANG_WARN_OBJC_ROOT_CLASS = YES_ERROR;
				CLANG_WARN_QUOTED_INCLUDE_IN_FRAMEWORK_HEADER = YES;
				CLANG_WARN_RANGE_LOOP_ANALYSIS = YES;
				CLANG_WARN_STRICT_PROTOTYPES = YES;
				CLANG_WARN_SUSPICIOUS_MOVE = YES;
				CLANG_WARN_UNGUARDED_AVAILABILITY = YES_AGGRESSIVE;
				CLANG_WARN_UNREACHABLE_CODE = YES;
				CLANG_WARN__DUPLICATE_METHOD_MATCH = YES;
				COPY_PHASE_STRIP = NO;
				DEBUG_INFORMATION_FORMAT = dwarf;
				ENABLE_STRICT_OBJC_MSGSEND = YES;
				ENABLE_TESTABILITY = YES;
				GCC_C_LANGUAGE_STANDARD = gnu11;
				GCC_DYNAMIC_NO_PIC = NO;
				GCC_NO_COMMON_BLOCKS = YES;
				GCC_OPTIMIZATION_LEVEL = 0;
				GCC_PREPROCESSOR_DEFINITIONS = (
					"DEBUG=1",
					"$(inherited)",
				);
				GCC_WARN_64_TO_32_BIT_CONVERSION = YES;
				GCC_WARN_ABOUT_RETURN_TYPE = YES_ERROR;
				GCC_WARN_UNDECLARED_SELECTOR = YES;
				GCC_WARN_UNINITIALIZED_AUTOS = YES_AGGRESSIVE;
				GCC_WARN_UNUSED_FUNCTION = YES;
				GCC_WARN_UNUSED_VARIABLE = YES;
				IPHONEOS_DEPLOYMENT_TARGET = 16.0;
				MTL_ENABLE_DEBUG_INFO = INCLUDE_SOURCE;
				MTL_FAST_MATH = YES;
				ONLY_ACTIVE_ARCH = YES;
				SDKROOT = iphoneos;
				SWIFT_ACTIVE_COMPILATION_CONDITIONS = DEBUG;
				SWIFT_OPTIMIZATION_LEVEL = "-Onone";
			};
			name = Debug;
		};
		CBADEE3D28EEBCE00010B5AA /* Release */ = {
			isa = XCBuildConfiguration;
			buildSettings = {
				ALWAYS_SEARCH_USER_PATHS = NO;
				CLANG_ANALYZER_NONNULL = YES;
				CLANG_ANALYZER_NUMBER_OBJECT_CONVERSION = YES_AGGRESSIVE;
				CLANG_CXX_LANGUAGE_STANDARD = "gnu++20";
				CLANG_ENABLE_MODULES = YES;
				CLANG_ENABLE_OBJC_ARC = YES;
				CLANG_ENABLE_OBJC_WEAK = YES;
				CLANG_WARN_BLOCK_CAPTURE_AUTORELEASING = YES;
				CLANG_WARN_BOOL_CONVERSION = YES;
				CLANG_WARN_COMMA = YES;
				CLANG_WARN_CONSTANT_CONVERSION = YES;
				CLANG_WARN_DEPRECATED_OBJC_IMPLEMENTATIONS = YES;
				CLANG_WARN_DIRECT_OBJC_ISA_USAGE = YES_ERROR;
				CLANG_WARN_DOCUMENTATION_COMMENTS = YES;
				CLANG_WARN_EMPTY_BODY = YES;
				CLANG_WARN_ENUM_CONVERSION = YES;
				CLANG_WARN_INFINITE_RECURSION = YES;
				CLANG_WARN_INT_CONVERSION = YES;
				CLANG_WARN_NON_LITERAL_NULL_CONVERSION = YES;
				CLANG_WARN_OBJC_IMPLICIT_RETAIN_SELF = YES;
				CLANG_WARN_OBJC_LITERAL_CONVERSION = YES;
				CLANG_WARN_OBJC_ROOT_CLASS = YES_ERROR;
				CLANG_WARN_QUOTED_INCLUDE_IN_FRAMEWORK_HEADER = YES;
				CLANG_WARN_RANGE_LOOP_ANALYSIS = YES;
				CLANG_WARN_STRICT_PROTOTYPES = YES;
				CLANG_WARN_SUSPICIOUS_MOVE = YES;
				CLANG_WARN_UNGUARDED_AVAILABILITY = YES_AGGRESSIVE;
				CLANG_WARN_UNREACHABLE_CODE = YES;
				CLANG_WARN__DUPLICATE_METHOD_MATCH = YES;
				COPY_PHASE_STRIP = NO;
				DEBUG_INFORMATION_FORMAT = "dwarf-with-dsym";
				ENABLE_NS_ASSERTIONS = NO;
				ENABLE_STRICT_OBJC_MSGSEND = YES;
				GCC_C_LANGUAGE_STANDARD = gnu11;
				GCC_NO_COMMON_BLOCKS = YES;
				GCC_WARN_64_TO_32_BIT_CONVERSION = YES;
				GCC_WARN_ABOUT_RETURN_TYPE = YES_ERROR;
				GCC_WARN_UNDECLARED_SELECTOR = YES;
				GCC_WARN_UNINITIALIZED_AUTOS = YES_AGGRESSIVE;
				GCC_WARN_UNUSED_FUNCTION = YES;
				GCC_WARN_UNUSED_VARIABLE = YES;
				IPHONEOS_DEPLOYMENT_TARGET = 16.0;
				MTL_ENABLE_DEBUG_INFO = NO;
				MTL_FAST_MATH = YES;
				SDKROOT = iphoneos;
				SWIFT_COMPILATION_MODE = wholemodule;
				SWIFT_OPTIMIZATION_LEVEL = "-O";
				VALIDATE_PRODUCT = YES;
			};
			name = Release;
		};
		CBADEE3F28EEBCE00010B5AA /* Debug */ = {
			isa = XCBuildConfiguration;
			buildSettings = {
				ASSETCATALOG_COMPILER_APPICON_NAME = AppIcon;
				ASSETCATALOG_COMPILER_GLOBAL_ACCENT_COLOR_NAME = AccentColor;
				CODE_SIGN_STYLE = Automatic;
				CURRENT_PROJECT_VERSION = 1;
				DEVELOPMENT_TEAM = 3Y8YH8GWMM;
				GENERATE_INFOPLIST_FILE = YES;
				INFOPLIST_FILE = Vincent/Global/Supports/Info.plist;
				INFOPLIST_KEY_UIApplicationSupportsIndirectInputEvents = YES;
				INFOPLIST_KEY_UILaunchStoryboardName = LaunchScreen;
				INFOPLIST_KEY_UISupportedInterfaceOrientations_iPad = "UIInterfaceOrientationPortrait UIInterfaceOrientationPortraitUpsideDown UIInterfaceOrientationLandscapeLeft UIInterfaceOrientationLandscapeRight";
				INFOPLIST_KEY_UISupportedInterfaceOrientations_iPhone = "UIInterfaceOrientationPortrait UIInterfaceOrientationLandscapeLeft UIInterfaceOrientationLandscapeRight";
				IPHONEOS_DEPLOYMENT_TARGET = 13.0;
				LD_RUNPATH_SEARCH_PATHS = (
					"$(inherited)",
					"@executable_path/Frameworks",
				);
				MARKETING_VERSION = 1.0;
				PRODUCT_BUNDLE_IDENTIFIER = com.dime.Vincent;
				PRODUCT_NAME = "$(TARGET_NAME)";
				SUPPORTED_PLATFORMS = "iphoneos iphonesimulator";
				SUPPORTS_MACCATALYST = NO;
				SUPPORTS_MAC_DESIGNED_FOR_IPHONE_IPAD = NO;
				SWIFT_EMIT_LOC_STRINGS = YES;
				SWIFT_VERSION = 5.0;
				TARGETED_DEVICE_FAMILY = 1;
			};
			name = Debug;
		};
		CBADEE4028EEBCE00010B5AA /* Release */ = {
			isa = XCBuildConfiguration;
			buildSettings = {
				ASSETCATALOG_COMPILER_APPICON_NAME = AppIcon;
				ASSETCATALOG_COMPILER_GLOBAL_ACCENT_COLOR_NAME = AccentColor;
				CODE_SIGN_STYLE = Automatic;
				CURRENT_PROJECT_VERSION = 1;
				DEVELOPMENT_TEAM = 3Y8YH8GWMM;
				GENERATE_INFOPLIST_FILE = YES;
				INFOPLIST_FILE = Vincent/Global/Supports/Info.plist;
				INFOPLIST_KEY_UIApplicationSupportsIndirectInputEvents = YES;
				INFOPLIST_KEY_UILaunchStoryboardName = LaunchScreen;
				INFOPLIST_KEY_UISupportedInterfaceOrientations_iPad = "UIInterfaceOrientationPortrait UIInterfaceOrientationPortraitUpsideDown UIInterfaceOrientationLandscapeLeft UIInterfaceOrientationLandscapeRight";
				INFOPLIST_KEY_UISupportedInterfaceOrientations_iPhone = "UIInterfaceOrientationPortrait UIInterfaceOrientationLandscapeLeft UIInterfaceOrientationLandscapeRight";
				IPHONEOS_DEPLOYMENT_TARGET = 13.0;
				LD_RUNPATH_SEARCH_PATHS = (
					"$(inherited)",
					"@executable_path/Frameworks",
				);
				MARKETING_VERSION = 1.0;
				PRODUCT_BUNDLE_IDENTIFIER = com.dime.Vincent;
				PRODUCT_NAME = "$(TARGET_NAME)";
				SUPPORTED_PLATFORMS = "iphoneos iphonesimulator";
				SUPPORTS_MACCATALYST = NO;
				SUPPORTS_MAC_DESIGNED_FOR_IPHONE_IPAD = NO;
				SWIFT_EMIT_LOC_STRINGS = YES;
				SWIFT_VERSION = 5.0;
				TARGETED_DEVICE_FAMILY = 1;
			};
			name = Release;
		};
/* End XCBuildConfiguration section */

/* Begin XCConfigurationList section */
		CBADEE2528EEBCE00010B5AA /* Build configuration list for PBXProject "Vincent" */ = {
			isa = XCConfigurationList;
			buildConfigurations = (
				CBADEE3C28EEBCE00010B5AA /* Debug */,
				CBADEE3D28EEBCE00010B5AA /* Release */,
			);
			defaultConfigurationIsVisible = 0;
			defaultConfigurationName = Release;
		};
		CBADEE3E28EEBCE00010B5AA /* Build configuration list for PBXNativeTarget "Vincent" */ = {
			isa = XCConfigurationList;
			buildConfigurations = (
				CBADEE3F28EEBCE00010B5AA /* Debug */,
				CBADEE4028EEBCE00010B5AA /* Release */,
			);
			defaultConfigurationIsVisible = 0;
			defaultConfigurationName = Release;
		};
/* End XCConfigurationList section */

/* Begin XCRemoteSwiftPackageReference section */
		CB81DA5228F1B108005164FA /* XCRemoteSwiftPackageReference "lottie-ios" */ = {
			isa = XCRemoteSwiftPackageReference;
			repositoryURL = "https://github.com/airbnb/lottie-ios.git";
			requirement = {
				branch = master;
				kind = branch;
			};
		};
		CBADEE6E28EEC65B0010B5AA /* XCRemoteSwiftPackageReference "SnapKit" */ = {
			isa = XCRemoteSwiftPackageReference;
			repositoryURL = "https://github.com/SnapKit/SnapKit.git";
			requirement = {
				kind = upToNextMajorVersion;
				minimumVersion = 5.0.0;
			};
		};
		CBADEE7128EEC6720010B5AA /* XCRemoteSwiftPackageReference "Then" */ = {
			isa = XCRemoteSwiftPackageReference;
			repositoryURL = "https://github.com/devxoul/Then.git";
			requirement = {
				kind = upToNextMajorVersion;
				minimumVersion = 3.0.0;
			};
		};
		CBCBEF8C28F2E4A2009F134F /* XCRemoteSwiftPackageReference "MessageKit" */ = {
			isa = XCRemoteSwiftPackageReference;
			repositoryURL = "https://github.com/MessageKit/MessageKit.git";
			requirement = {
				kind = upToNextMajorVersion;
				minimumVersion = 4.0.0;
			};
		};
/* End XCRemoteSwiftPackageReference section */

/* Begin XCSwiftPackageProductDependency section */
		CB81DA5328F1B108005164FA /* Lottie */ = {
			isa = XCSwiftPackageProductDependency;
			package = CB81DA5228F1B108005164FA /* XCRemoteSwiftPackageReference "lottie-ios" */;
			productName = Lottie;
		};
		CBADEE6F28EEC65B0010B5AA /* SnapKit */ = {
			isa = XCSwiftPackageProductDependency;
			package = CBADEE6E28EEC65B0010B5AA /* XCRemoteSwiftPackageReference "SnapKit" */;
			productName = SnapKit;
		};
		CBADEE7228EEC6720010B5AA /* Then */ = {
			isa = XCSwiftPackageProductDependency;
			package = CBADEE7128EEC6720010B5AA /* XCRemoteSwiftPackageReference "Then" */;
			productName = Then;
		};
		CBCBEF8D28F2E4A2009F134F /* MessageKit */ = {
			isa = XCSwiftPackageProductDependency;
			package = CBCBEF8C28F2E4A2009F134F /* XCRemoteSwiftPackageReference "MessageKit" */;
			productName = MessageKit;
		};
/* End XCSwiftPackageProductDependency section */
	};
	rootObject = CBADEE2228EEBCE00010B5AA /* Project object */;
}
